# generated by rye
# use `rye lock` or `rye sync` to update this lockfile
#
# last locked with the following flags:
#   pre: false
#   features: []
#   all-features: false
#   with-sources: false
#   generate-hashes: false
#   universal: false

-e file:.
annotated-types==0.7.0
    # via pydantic
asttokens==2.4.1
    # via stack-data
cloudpickle==3.0.0
    # via pinjected
cytoolz==0.12.3
    # via pinjected
decorator==5.1.1
    # via ipython
executing==2.0.1
    # via stack-data
expression==5.0.2
    # via pinjected
filelock==3.15.1
    # via injected-utils
fire==0.6.0
    # via pinjected
frozendict==2.4.4
    # via pinjected
ipython==8.25.0
    # via pyvis
jedi==0.19.1
    # via ipython
jinja2==3.1.4
    # via pyvis
jsonpickle==3.0.4
    # via pyvis
loguru==0.7.2
    # via injected-utils
    # via pinjected
makefun==1.15.2
    # via pinjected
markdown-it-py==3.0.0
    # via rich
markupsafe==2.1.5
    # via jinja2
matplotlib-inline==0.1.7
    # via ipython
mdurl==0.1.2
    # via markdown-it-py
networkx==3.3
    # via pinjected
    # via pyvis
parso==0.8.4
    # via jedi
pexpect==4.9.0
    # via ipython
pinjected==0.2.186
    # via injected-utils
prompt-toolkit==3.0.46
    # via ipython
ptyprocess==0.7.0
    # via pexpect
pure-eval==0.2.2
    # via stack-data
pydantic==2.7.3
    # via pinjected
pydantic-core==2.18.4
    # via pydantic
pygments==2.18.0
    # via ipython
    # via rich
pyvis==0.3.2
    # via pinjected
pyyaml==6.0.1
    # via pinjected
returns==0.23.0
    # via injected-utils
    # via pinjected
rich==13.7.1
    # via pinjected
six==1.16.0
    # via asttokens
    # via fire
sqlitedict==2.1.0
    # via injected-utils
stack-data==0.6.3
    # via ipython
tabulate==0.9.0
    # via pinjected
termcolor==2.4.0
    # via fire
toolz==0.12.1
    # via cytoolz
tqdm==4.66.4
    # via injected-utils
traitlets==5.14.3
    # via ipython
    # via matplotlib-inline
typing-extensions==4.12.1
    # via expression
    # via pydantic
    # via pydantic-core
    # via returns
wcwidth==0.2.13
    # via prompt-toolkit
