# generated by rye
# use `rye lock` or `rye sync` to update this lockfile
#
# last locked with the following flags:
#   pre: false
#   features: []
#   all-features: false
#   with-sources: false

-e file:.
annotated-types==0.7.0
    # via pydantic
certifi==2024.7.4
    # via requests
charset-normalizer==3.3.2
    # via requests
click==8.1.7
    # via click-option-group
    # via python-semantic-release
click-option-group==0.5.6
    # via python-semantic-release
dotty-dict==1.3.1
    # via python-semantic-release
gitdb==4.0.11
    # via gitpython
gitpython==3.1.43
    # via python-semantic-release
idna==3.7
    # via requests
importlib-resources==6.4.0
    # via python-semantic-release
jinja2==3.1.4
    # via python-semantic-release
markdown-it-py==3.0.0
    # via rich
markupsafe==2.1.5
    # via jinja2
mdurl==0.1.2
    # via markdown-it-py
pydantic==2.8.2
    # via python-semantic-release
pydantic-core==2.20.1
    # via pydantic
pygments==2.18.0
    # via rich
python-gitlab==4.9.0
    # via python-semantic-release
python-semantic-release==9.8.6
requests==2.32.3
    # via python-gitlab
    # via python-semantic-release
    # via requests-toolbelt
requests-toolbelt==1.0.0
    # via python-gitlab
rich==13.7.1
    # via python-semantic-release
shellingham==1.5.4
    # via python-semantic-release
smmap==5.0.1
    # via gitdb
tomlkit==0.13.0
    # via python-semantic-release
typing-extensions==4.12.2
    # via pydantic
    # via pydantic-core
urllib3==2.2.2
    # via requests
