# generated by rye
# use `rye lock` or `rye sync` to update this lockfile
#
# last locked with the following flags:
#   pre: false
#   features: []
#   all-features: false
#   with-sources: false
#   generate-hashes: false
#   universal: false

-e file:.
beautifulsoup4==4.12.3
    # via libpysal
certifi==2024.7.4
    # via pyogrio
    # via pyproj
    # via requests
charset-normalizer==3.3.2
    # via requests
geopandas==1.0.1
    # via libpysal
    # via sydneysuburbs
idna==3.7
    # via requests
joblib==1.4.2
    # via scikit-learn
libpysal==4.12.0
    # via sydneysuburbs
networkx==3.3
    # via sydneysuburbs
numpy==2.0.1
    # via geopandas
    # via libpysal
    # via pandas
    # via pyogrio
    # via scikit-learn
    # via scipy
    # via shapely
    # via topojson
packaging==24.1
    # via geopandas
    # via libpysal
    # via plotly
    # via pyogrio
    # via topojson
pandas==2.2.2
    # via geopandas
    # via libpysal
platformdirs==4.2.2
    # via libpysal
plotly==5.23.0
    # via sydneysuburbs
pyogrio==0.9.0
    # via geopandas
pyproj==3.6.1
    # via geopandas
python-dateutil==2.9.0.post0
    # via pandas
pytz==2024.1
    # via pandas
requests==2.32.3
    # via libpysal
scikit-learn==1.5.1
    # via libpysal
scipy==1.14.0
    # via libpysal
    # via scikit-learn
shapely==2.0.5
    # via geopandas
    # via libpysal
    # via topojson
six==1.16.0
    # via python-dateutil
soupsieve==2.6
    # via beautifulsoup4
tenacity==9.0.0
    # via plotly
threadpoolctl==3.5.0
    # via scikit-learn
topojson==1.9
    # via sydneysuburbs
tzdata==2024.1
    # via pandas
urllib3==2.2.2
    # via requests
